
Microsoft Visual Studio Solution File, Format Version 12.00
# Visual Studio Version 17
VisualStudioVersion = 17.0.32126.317
MinimumVisualStudioVersion = 10.0.40219.1
Project("{FAE04EC0-301F-11D3-BF4B-00C04F79EFBC}") = "BTVN", "BTVN\BTVN.csproj", "{D0B01BD9-92C9-4E87-A2AF-102C3DEEEC77}"
EndProject
Global
	GlobalSection(SolutionConfigurationPlatforms) = preSolution
		Debug|Any CPU = Debug|Any CPU
		Release|Any CPU = Release|Any CPU
	EndGlobalSection
	GlobalSection(ProjectConfigurationPlatforms) = postSolution
		{D0B01BD9-92C9-4E87-A2AF-102C3DEEEC77}.Debug|Any CPU.ActiveCfg = Debug|Any CPU
		{D0B01BD9-92C9-4E87-A2AF-102C3DEEEC77}.Debug|Any CPU.Build.0 = Debug|Any CPU
		{D0B01BD9-92C9-4E87-A2AF-102C3DEEEC77}.Release|Any CPU.ActiveCfg = Release|Any CPU
		{D0B01BD9-92C9-4E87-A2AF-102C3DEEEC77}.Release|Any CPU.Build.0 = Release|Any CPU
	EndGlobalSection
	GlobalSection(SolutionProperties) = preSolution
		HideSolutionNode = FALSE
	EndGlobalSection
	GlobalSection(ExtensibilityGlobals) = postSolution
		SolutionGuid = {DFC8A260-7564-4E81-B750-7D92F6A5DFE2}
	EndGlobalSection
EndGlobal
